
Microsoft Visual Studio Solution File, Format Version 12.00
# Visual Studio 14
VisualStudioVersion = 14.0.25123.0
MinimumVisualStudioVersion = 10.0.40219.1
Project("{FAE04EC0-301F-11D3-BF4B-00C04F79EFBC}") = "SpracheBlog", "SpracheBlog\SpracheBlog.csproj", "{E91B0875-0AE1-4A9B-B49D-41AE9868A62E}"
EndProject
Project("{FAE04EC0-301F-11D3-BF4B-00C04F79EFBC}") = "SpracheBlog.Tests", "SpracheBlog.Tests\SpracheBlog.Tests.csproj", "{56A2C5A0-78FC-4CFD-BC13-FFB1AB74AE3C}"
EndProject
Global
	GlobalSection(SolutionConfigurationPlatforms) = preSolution
		Debug|Any CPU = Debug|Any CPU
		Release|Any CPU = Release|Any CPU
	EndGlobalSection
	GlobalSection(ProjectConfigurationPlatforms) = postSolution
		{E91B0875-0AE1-4A9B-B49D-41AE9868A62E}.Debug|Any CPU.ActiveCfg = Debug|Any CPU
		{E91B0875-0AE1-4A9B-B49D-41AE9868A62E}.Debug|Any CPU.Build.0 = Debug|Any CPU
		{E91B0875-0AE1-4A9B-B49D-41AE9868A62E}.Release|Any CPU.ActiveCfg = Release|Any CPU
		{E91B0875-0AE1-4A9B-B49D-41AE9868A62E}.Release|Any CPU.Build.0 = Release|Any CPU
		{56A2C5A0-78FC-4CFD-BC13-FFB1AB74AE3C}.Debug|Any CPU.ActiveCfg = Debug|Any CPU
		{56A2C5A0-78FC-4CFD-BC13-FFB1AB74AE3C}.Debug|Any CPU.Build.0 = Debug|Any CPU
		{56A2C5A0-78FC-4CFD-BC13-FFB1AB74AE3C}.Release|Any CPU.ActiveCfg = Release|Any CPU
		{56A2C5A0-78FC-4CFD-BC13-FFB1AB74AE3C}.Release|Any CPU.Build.0 = Release|Any CPU
	EndGlobalSection
	GlobalSection(SolutionProperties) = preSolution
		HideSolutionNode = FALSE
	EndGlobalSection
EndGlobal
